// !$*UTF8*$!
{
	archiveVersion = 1;
	classes = {
	};
	objectVersion = 50;
	objects = {

/* Begin PBXBuildFile section */
		FB6F4D5A215B88DB00B74C79 /* AppDelegate.swift in Sources */ = {isa = PBXBuildFile; fileRef = FB6F4D59215B88DB00B74C79 /* AppDelegate.swift */; };
		FB6F4D5C215B88DB00B74C79 /* ViewController.swift in Sources */ = {isa = PBXBuildFile; fileRef = FB6F4D5B215B88DB00B74C79 /* ViewController.swift */; };
		FB6F4D5F215B88DB00B74C79 /* Main.storyboard in Resources */ = {isa = PBXBuildFile; fileRef = FB6F4D5D215B88DB00B74C79 /* Main.storyboard */; };
		FB6F4D61215B88DC00B74C79 /* Assets.xcassets in Resources */ = {isa = PBXBuildFile; fileRef = FB6F4D60215B88DC00B74C79 /* Assets.xcassets */; };
		FB6F4D64215B88DC00B74C79 /* LaunchScreen.storyboard in Resources */ = {isa = PBXBuildFile; fileRef = FB6F4D62215B88DC00B74C79 /* LaunchScreen.storyboard */; };
		FB6F4D6F215B88DC00B74C79 /* coreml_starterTests.swift in Sources */ = {isa = PBXBuildFile; fileRef = FB6F4D6E215B88DC00B74C79 /* coreml_starterTests.swift */; };
		FB6F4D7A215B88DC00B74C79 /* coreml_starterUITests.swift in Sources */ = {isa = PBXBuildFile; fileRef = FB6F4D79215B88DC00B74C79 /* coreml_starterUITests.swift */; };
		FB86086A2164E9D900251D9F /* Inceptionv3.mlmodel in Sources */ = {isa = PBXBuildFile; fileRef = FB8608692164E9D900251D9F /* Inceptionv3.mlmodel */; };
/* End PBXBuildFile section */

/* Begin PBXContainerItemProxy section */
		FB6F4D6B215B88DC00B74C79 /* PBXContainerItemProxy */ = {
			isa = PBXContainerItemProxy;
			containerPortal = FB6F4D4E215B88DB00B74C79 /* Project object */;
			proxyType = 1;
			remoteGlobalIDString = FB6F4D55215B88DB00B74C79;
			remoteInfo = "coreml-starter";
		};
		FB6F4D76215B88DC00B74C79 /* PBXContainerItemProxy */ = {
			isa = PBXContainerItemProxy;
			containerPortal = FB6F4D4E215B88DB00B74C79 /* Project object */;
			proxyType = 1;
			remoteGlobalIDString = FB6F4D55215B88DB00B74C79;
			remoteInfo = "coreml-starter";
		};
/* End PBXContainerItemProxy section */

/* Begin PBXFileReference section */
		FB6F4D56215B88DB00B74C79 /* coreml-starter.app */ = {isa = PBXFileReference; explicitFileType = wrapper.application; includeInIndex = 0; path = "coreml-starter.app"; sourceTree = BUILT_PRODUCTS_DIR; };
		FB6F4D59215B88DB00B74C79 /* AppDelegate.swift */ = {isa = PBXFileReference; lastKnownFileType = sourcecode.swift; path = AppDelegate.swift; sourceTree = "<group>"; };
		FB6F4D5B215B88DB00B74C79 /* ViewController.swift */ = {isa = PBXFileReference; lastKnownFileType = sourcecode.swift; path = ViewController.swift; sourceTree = "<group>"; };
		FB6F4D5E215B88DB00B74C79 /* Base */ = {isa = PBXFileReference; lastKnownFileType = file.storyboard; name = Base; path = Base.lproj/Main.storyboard; sourceTree = "<group>"; };
		FB6F4D60215B88DC00B74C79 /* Assets.xcassets */ = {isa = PBXFileReference; lastKnownFileType = folder.assetcatalog; path = Assets.xcassets; sourceTree = "<group>"; };
		FB6F4D63215B88DC00B74C79 /* Base */ = {isa = PBXFileReference; lastKnownFileType = file.storyboard; name = Base; path = Base.lproj/LaunchScreen.storyboard; sourceTree = "<group>"; };
		FB6F4D65215B88DC00B74C79 /* Info.plist */ = {isa = PBXFileReference; lastKnownFileType = text.plist.xml; path = Info.plist; sourceTree = "<group>"; };
		FB6F4D6A215B88DC00B74C79 /* coreml-starterTests.xctest */ = {isa = PBXFileReference; explicitFileType = wrapper.cfbundle; includeInIndex = 0; path = "coreml-starterTests.xctest"; sourceTree = BUILT_PRODUCTS_DIR; };
		FB6F4D6E215B88DC00B74C79 /* coreml_starterTests.swift */ = {isa = PBXFileReference; lastKnownFileType = sourcecode.swift; path = coreml_starterTests.swift; sourceTree = "<group>"; };
		FB6F4D70215B88DC00B74C79 /* Info.plist */ = {isa = PBXFileReference; lastKnownFileType = text.plist.xml; path = Info.plist; sourceTree = "<group>"; };
		FB6F4D75215B88DC00B74C79 /* coreml-starterUITests.xctest */ = {isa = PBXFileReference; explicitFileType = wrapper.cfbundle; includeInIndex = 0; path = "coreml-starterUITests.xctest"; sourceTree = BUILT_PRODUCTS_DIR; };
		FB6F4D79215B88DC00B74C79 /* coreml_starterUITests.swift */ = {isa = PBXFileReference; lastKnownFileType = sourcecode.swift; path = coreml_starterUITests.swift; sourceTree = "<group>"; };
		FB6F4D7B215B88DC00B74C79 /* Info.plist */ = {isa = PBXFileReference; lastKnownFileType = text.plist.xml; path = Info.plist; sourceTree = "<group>"; };
		FB8608692164E9D900251D9F /* Inceptionv3.mlmodel */ = {isa = PBXFileReference; lastKnownFileType = file.mlmodel; path = Inceptionv3.mlmodel; sourceTree = "<group>"; };
/* End PBXFileReference section */

/* Begin PBXFrameworksBuildPhase section */
		FB6F4D53215B88DB00B74C79 /* Frameworks */ = {
			isa = PBXFrameworksBuildPhase;
			buildActionMask = 2147483647;
			files = (
			);
			runOnlyForDeploymentPostprocessing = 0;
		};
		FB6F4D67215B88DC00B74C79 /* Frameworks */ = {
			isa = PBXFrameworksBuildPhase;
			buildActionMask = 2147483647;
			files = (
			);
			runOnlyForDeploymentPostprocessing = 0;
		};
		FB6F4D72215B88DC00B74C79 /* Frameworks */ = {
			isa = PBXFrameworksBuildPhase;
			buildActionMask = 2147483647;
			files = (
			);
			runOnlyForDeploymentPostprocessing = 0;
		};
/* End PBXFrameworksBuildPhase section */

/* Begin PBXGroup section */
		FB6F4D4D215B88DB00B74C79 = {
			isa = PBXGroup;
			children = (
				FB6F4D58215B88DB00B74C79 /* coreml-starter */,
				FB6F4D6D215B88DC00B74C79 /* coreml-starterTests */,
				FB6F4D78215B88DC00B74C79 /* coreml-starterUITests */,
				FB6F4D57215B88DB00B74C79 /* Products */,
			);
			sourceTree = "<group>";
		};
		FB6F4D57215B88DB00B74C79 /* Products */ = {
			isa = PBXGroup;
			children = (
				FB6F4D56215B88DB00B74C79 /* coreml-starter.app */,
				FB6F4D6A215B88DC00B74C79 /* coreml-starterTests.xctest */,
				FB6F4D75215B88DC00B74C79 /* coreml-starterUITests.xctest */,
			);
			name = Products;
			sourceTree = "<group>";
		};
		FB6F4D58215B88DB00B74C79 /* coreml-starter */ = {
			isa = PBXGroup;
			children = (
				FB8608682164E9D200251D9F /* Models */,
				FB6F4D59215B88DB00B74C79 /* AppDelegate.swift */,
				FB6F4D5B215B88DB00B74C79 /* ViewController.swift */,
				FB6F4D5D215B88DB00B74C79 /* Main.storyboard */,
				FB6F4D60215B88DC00B74C79 /* Assets.xcassets */,
				FB6F4D62215B88DC00B74C79 /* LaunchScreen.storyboard */,
				FB6F4D65215B88DC00B74C79 /* Info.plist */,
			);
			path = "coreml-starter";
			sourceTree = "<group>";
		};
		FB6F4D6D215B88DC00B74C79 /* coreml-starterTests */ = {
			isa = PBXGroup;
			children = (
				FB6F4D6E215B88DC00B74C79 /* coreml_starterTests.swift */,
				FB6F4D70215B88DC00B74C79 /* Info.plist */,
			);
			path = "coreml-starterTests";
			sourceTree = "<group>";
		};
		FB6F4D78215B88DC00B74C79 /* coreml-starterUITests */ = {
			isa = PBXGroup;
			children = (
				FB6F4D79215B88DC00B74C79 /* coreml_starterUITests.swift */,
				FB6F4D7B215B88DC00B74C79 /* Info.plist */,
			);
			path = "coreml-starterUITests";
			sourceTree = "<group>";
		};
		FB8608682164E9D200251D9F /* Models */ = {
			isa = PBXGroup;
			children = (
				FB8608692164E9D900251D9F /* Inceptionv3.mlmodel */,
			);
			name = Models;
			sourceTree = "<group>";
		};
/* End PBXGroup section */

/* Begin PBXNativeTarget section */
		FB6F4D55215B88DB00B74C79 /* coreml-starter */ = {
			isa = PBXNativeTarget;
			buildConfigurationList = FB6F4D7E215B88DC00B74C79 /* Build configuration list for PBXNativeTarget "coreml-starter" */;
			buildPhases = (
				FB6F4D52215B88DB00B74C79 /* Sources */,
				FB6F4D53215B88DB00B74C79 /* Frameworks */,
				FB6F4D54215B88DB00B74C79 /* Resources */,
			);
			buildRules = (
			);
			dependencies = (
			);
			name = "coreml-starter";
			productName = "coreml-starter";
			productReference = FB6F4D56215B88DB00B74C79 /* coreml-starter.app */;
			productType = "com.apple.product-type.application";
		};
		FB6F4D69215B88DC00B74C79 /* coreml-starterTests */ = {
			isa = PBXNativeTarget;
			buildConfigurationList = FB6F4D81215B88DC00B74C79 /* Build configuration list for PBXNativeTarget "coreml-starterTests" */;
			buildPhases = (
				FB6F4D66215B88DC00B74C79 /* Sources */,
				FB6F4D67215B88DC00B74C79 /* Frameworks */,
				FB6F4D68215B88DC00B74C79 /* Resources */,
			);
			buildRules = (
			);
			dependencies = (
				FB6F4D6C215B88DC00B74C79 /* PBXTargetDependency */,
			);
			name = "coreml-starterTests";
			productName = "coreml-starterTests";
			productReference = FB6F4D6A215B88DC00B74C79 /* coreml-starterTests.xctest */;
			productType = "com.apple.product-type.bundle.unit-test";
		};
		FB6F4D74215B88DC00B74C79 /* coreml-starterUITests */ = {
			isa = PBXNativeTarget;
			buildConfigurationList = FB6F4D84215B88DC00B74C79 /* Build configuration list for PBXNativeTarget "coreml-starterUITests" */;
			buildPhases = (
				FB6F4D71215B88DC00B74C79 /* Sources */,
				FB6F4D72215B88DC00B74C79 /* Frameworks */,
				FB6F4D73215B88DC00B74C79 /* Resources */,
			);
			buildRules = (
			);
			dependencies = (
				FB6F4D77215B88DC00B74C79 /* PBXTargetDependency */,
			);
			name = "coreml-starterUITests";
			productName = "coreml-starterUITests";
			productReference = FB6F4D75215B88DC00B74C79 /* coreml-starterUITests.xctest */;
			productType = "com.apple.product-type.bundle.ui-testing";
		};
/* End PBXNativeTarget section */

/* Begin PBXProject section */
		FB6F4D4E215B88DB00B74C79 /* Project object */ = {
			isa = PBXProject;
			attributes = {
				LastSwiftUpdateCheck = 1000;
				LastUpgradeCheck = 1000;
				ORGANIZATIONNAME = "Dmytro Pavlenko";
				TargetAttributes = {
					FB6F4D55215B88DB00B74C79 = {
						CreatedOnToolsVersion = 10.0;
					};
					FB6F4D69215B88DC00B74C79 = {
						CreatedOnToolsVersion = 10.0;
						TestTargetID = FB6F4D55215B88DB00B74C79;
					};
					FB6F4D74215B88DC00B74C79 = {
						CreatedOnToolsVersion = 10.0;
						TestTargetID = FB6F4D55215B88DB00B74C79;
					};
				};
			};
			buildConfigurationList = FB6F4D51215B88DB00B74C79 /* Build configuration list for PBXProject "coreml-starter" */;
			compatibilityVersion = "Xcode 9.3";
			developmentRegion = en;
			hasScannedForEncodings = 0;
			knownRegions = (
				en,
				Base,
			);
			mainGroup = FB6F4D4D215B88DB00B74C79;
			productRefGroup = FB6F4D57215B88DB00B74C79 /* Products */;
			projectDirPath = "";
			projectRoot = "";
			targets = (
				FB6F4D55215B88DB00B74C79 /* coreml-starter */,
				FB6F4D69215B88DC00B74C79 /* coreml-starterTests */,
				FB6F4D74215B88DC00B74C79 /* coreml-starterUITests */,
			);
		};
/* End PBXProject section */

/* Begin PBXResourcesBuildPhase section */
		FB6F4D54215B88DB00B74C79 /* Resources */ = {
			isa = PBXResourcesBuildPhase;
			buildActionMask = 2147483647;
			files = (
				FB6F4D64215B88DC00B74C79 /* LaunchScreen.storyboard in Resources */,
				FB6F4D61215B88DC00B74C79 /* Assets.xcassets in Resources */,
				FB6F4D5F215B88DB00B74C79 /* Main.storyboard in Resources */,
			);
			runOnlyForDeploymentPostprocessing = 0;
		};
		FB6F4D68215B88DC00B74C79 /* Resources */ = {
			isa = PBXResourcesBuildPhase;
			buildActionMask = 2147483647;
			files = (
			);
			runOnlyForDeploymentPostprocessing = 0;
		};
		FB6F4D73215B88DC00B74C79 /* Resources */ = {
			isa = PBXResourcesBuildPhase;
			buildActionMask = 2147483647;
			files = (
			);
			runOnlyForDeploymentPostprocessing = 0;
		};
/* End PBXResourcesBuildPhase section */

/* Begin PBXSourcesBuildPhase section */
		FB6F4D52215B88DB00B74C79 /* Sources */ = {
			isa = PBXSourcesBuildPhase;
			buildActionMask = 2147483647;
			files = (
				FB6F4D5C215B88DB00B74C79 /* ViewController.swift in Sources */,
				FB86086A2164E9D900251D9F /* Inceptionv3.mlmodel in Sources */,
				FB6F4D5A215B88DB00B74C79 /* AppDelegate.swift in Sources */,
			);
			runOnlyForDeploymentPostprocessing = 0;
		};
		FB6F4D66215B88DC00B74C79 /* Sources */ = {
			isa = PBXSourcesBuildPhase;
			buildActionMask = 2147483647;
			files = (
				FB6F4D6F215B88DC00B74C79 /* coreml_starterTests.swift in Sources */,
			);
			runOnlyForDeploymentPostprocessing = 0;
		};
		FB6F4D71215B88DC00B74C79 /* Sources */ = {
			isa = PBXSourcesBuildPhase;
			buildActionMask = 2147483647;
			files = (
				FB6F4D7A215B88DC00B74C79 /* coreml_starterUITests.swift in Sources */,
			);
			runOnlyForDeploymentPostprocessing = 0;
		};
/* End PBXSourcesBuildPhase section */

/* Begin PBXTargetDependency section */
		FB6F4D6C215B88DC00B74C79 /* PBXTargetDependency */ = {
			isa = PBXTargetDependency;
			target = FB6F4D55215B88DB00B74C79 /* coreml-starter */;
			targetProxy = FB6F4D6B215B88DC00B74C79 /* PBXContainerItemProxy */;
		};
		FB6F4D77215B88DC00B74C79 /* PBXTargetDependency */ = {
			isa = PBXTargetDependency;
			target = FB6F4D55215B88DB00B74C79 /* coreml-starter */;
			targetProxy = FB6F4D76215B88DC00B74C79 /* PBXContainerItemProxy */;
		};
/* End PBXTargetDependency section */

/* Begin PBXVariantGroup section */
		FB6F4D5D215B88DB00B74C79 /* Main.storyboard */ = {
			isa = PBXVariantGroup;
			children = (
				FB6F4D5E215B88DB00B74C79 /* Base */,
			);
			name = Main.storyboard;
			sourceTree = "<group>";
		};
		FB6F4D62215B88DC00B74C79 /* LaunchScreen.storyboard */ = {
			isa = PBXVariantGroup;
			children = (
				FB6F4D63215B88DC00B74C79 /* Base */,
			);
			name = LaunchScreen.storyboard;
			sourceTree = "<group>";
		};
/* End PBXVariantGroup section */

/* Begin XCBuildConfiguration section */
		FB6F4D7C215B88DC00B74C79 /* Debug */ = {
			isa = XCBuildConfiguration;
			buildSettings = {
				ALWAYS_SEARCH_USER_PATHS = NO;
				CLANG_ANALYZER_NONNULL = YES;
				CLANG_ANALYZER_NUMBER_OBJECT_CONVERSION = YES_AGGRESSIVE;
				CLANG_CXX_LANGUAGE_STANDARD = "gnu++14";
				CLANG_CXX_LIBRARY = "libc++";
				CLANG_ENABLE_MODULES = YES;
				CLANG_ENABLE_OBJC_ARC = YES;
				CLANG_ENABLE_OBJC_WEAK = YES;
				CLANG_WARN_BLOCK_CAPTURE_AUTORELEASING = YES;
				CLANG_WARN_BOOL_CONVERSION = YES;
				CLANG_WARN_COMMA = YES;
				CLANG_WARN_CONSTANT_CONVERSION = YES;
				CLANG_WARN_DEPRECATED_OBJC_IMPLEMENTATIONS = YES;
				CLANG_WARN_DIRECT_OBJC_ISA_USAGE = YES_ERROR;
				CLANG_WARN_DOCUMENTATION_COMMENTS = YES;
				CLANG_WARN_EMPTY_BODY = YES;
				CLANG_WARN_ENUM_CONVERSION = YES;
				CLANG_WARN_INFINITE_RECURSION = YES;
				CLANG_WARN_INT_CONVERSION = YES;
				CLANG_WARN_NON_LITERAL_NULL_CONVERSION = YES;
				CLANG_WARN_OBJC_IMPLICIT_RETAIN_SELF = YES;
				CLANG_WARN_OBJC_LITERAL_CONVERSION = YES;
				CLANG_WARN_OBJC_ROOT_CLASS = YES_ERROR;
				CLANG_WARN_RANGE_LOOP_ANALYSIS = YES;
				CLANG_WARN_STRICT_PROTOTYPES = YES;
				CLANG_WARN_SUSPICIOUS_MOVE = YES;
				CLANG_WARN_UNGUARDED_AVAILABILITY = YES_AGGRESSIVE;
				CLANG_WARN_UNREACHABLE_CODE = YES;
				CLANG_WARN__DUPLICATE_METHOD_MATCH = YES;
				CODE_SIGN_IDENTITY = "iPhone Developer";
				COPY_PHASE_STRIP = NO;
				DEBUG_INFORMATION_FORMAT = dwarf;
				ENABLE_STRICT_OBJC_MSGSEND = YES;
				ENABLE_TESTABILITY = YES;
				GCC_C_LANGUAGE_STANDARD = gnu11;
				GCC_DYNAMIC_NO_PIC = NO;
				GCC_NO_COMMON_BLOCKS = YES;
				GCC_OPTIMIZATION_LEVEL = 0;
				GCC_PREPROCESSOR_DEFINITIONS = (
					"DEBUG=1",
					"$(inherited)",
				);
				GCC_WARN_64_TO_32_BIT_CONVERSION = YES;
				GCC_WARN_ABOUT_RETURN_TYPE = YES_ERROR;
				GCC_WARN_UNDECLARED_SELECTOR = YES;
				GCC_WARN_UNINITIALIZED_AUTOS = YES_AGGRESSIVE;
				GCC_WARN_UNUSED_FUNCTION = YES;
				GCC_WARN_UNUSED_VARIABLE = YES;
				IPHONEOS_DEPLOYMENT_TARGET = 12.0;
				MTL_ENABLE_DEBUG_INFO = INCLUDE_SOURCE;
				MTL_FAST_MATH = YES;
				ONLY_ACTIVE_ARCH = YES;
				SDKROOT = iphoneos;
				SWIFT_ACTIVE_COMPILATION_CONDITIONS = DEBUG;
				SWIFT_OPTIMIZATION_LEVEL = "-Onone";
			};
			name = Debug;
		};
		FB6F4D7D215B88DC00B74C79 /* Release */ = {
			isa = XCBuildConfiguration;
			buildSettings = {
				ALWAYS_SEARCH_USER_PATHS = NO;
				CLANG_ANALYZER_NONNULL = YES;
				CLANG_ANALYZER_NUMBER_OBJECT_CONVERSION = YES_AGGRESSIVE;
				CLANG_CXX_LANGUAGE_STANDARD = "gnu++14";
				CLANG_CXX_LIBRARY = "libc++";
				CLANG_ENABLE_MODULES = YES;
				CLANG_ENABLE_OBJC_ARC = YES;
				CLANG_ENABLE_OBJC_WEAK = YES;
				CLANG_WARN_BLOCK_CAPTURE_AUTORELEASING = YES;
				CLANG_WARN_BOOL_CONVERSION = YES;
				CLANG_WARN_COMMA = YES;
				CLANG_WARN_CONSTANT_CONVERSION = YES;
				CLANG_WARN_DEPRECATED_OBJC_IMPLEMENTATIONS = YES;
				CLANG_WARN_DIRECT_OBJC_ISA_USAGE = YES_ERROR;
				CLANG_WARN_DOCUMENTATION_COMMENTS = YES;
				CLANG_WARN_EMPTY_BODY = YES;
				CLANG_WARN_ENUM_CONVERSION = YES;
				CLANG_WARN_INFINITE_RECURSION = YES;
				CLANG_WARN_INT_CONVERSION = YES;
				CLANG_WARN_NON_LITERAL_NULL_CONVERSION = YES;
				CLANG_WARN_OBJC_IMPLICIT_RETAIN_SELF = YES;
				CLANG_WARN_OBJC_LITERAL_CONVERSION = YES;
				CLANG_WARN_OBJC_ROOT_CLASS = YES_ERROR;
				CLANG_WARN_RANGE_LOOP_ANALYSIS = YES;
				CLANG_WARN_STRICT_PROTOTYPES = YES;
				CLANG_WARN_SUSPICIOUS_MOVE = YES;
				CLANG_WARN_UNGUARDED_AVAILABILITY = YES_AGGRESSIVE;
				CLANG_WARN_UNREACHABLE_CODE = YES;
				CLANG_WARN__DUPLICATE_METHOD_MATCH = YES;
				CODE_SIGN_IDENTITY = "iPhone Developer";
				COPY_PHASE_STRIP = NO;
				DEBUG_INFORMATION_FORMAT = "dwarf-with-dsym";
				ENABLE_NS_ASSERTIONS = NO;
				ENABLE_STRICT_OBJC_MSGSEND = YES;
				GCC_C_LANGUAGE_STANDARD = gnu11;
				GCC_NO_COMMON_BLOCKS = YES;
				GCC_WARN_64_TO_32_BIT_CONVERSION = YES;
				GCC_WARN_ABOUT_RETURN_TYPE = YES_ERROR;
				GCC_WARN_UNDECLARED_SELECTOR = YES;
				GCC_WARN_UNINITIALIZED_AUTOS = YES_AGGRESSIVE;
				GCC_WARN_UNUSED_FUNCTION = YES;
				GCC_WARN_UNUSED_VARIABLE = YES;
				IPHONEOS_DEPLOYMENT_TARGET = 12.0;
				MTL_ENABLE_DEBUG_INFO = NO;
				MTL_FAST_MATH = YES;
				SDKROOT = iphoneos;
				SWIFT_COMPILATION_MODE = wholemodule;
				SWIFT_OPTIMIZATION_LEVEL = "-O";
				VALIDATE_PRODUCT = YES;
			};
			name = Release;
		};
		FB6F4D7F215B88DC00B74C79 /* Debug */ = {
			isa = XCBuildConfiguration;
			buildSettings = {
				ASSETCATALOG_COMPILER_APPICON_NAME = AppIcon;
				CODE_SIGN_STYLE = Automatic;
				DEVELOPMENT_TEAM = 6NE5UTCPDZ;
				INFOPLIST_FILE = "coreml-starter/Info.plist";
				LD_RUNPATH_SEARCH_PATHS = (
					"$(inherited)",
					"@executable_path/Frameworks",
				);
				PRODUCT_BUNDLE_IDENTIFIER = "com.coreml-starter";
				PRODUCT_NAME = "$(TARGET_NAME)";
				SWIFT_VERSION = 4.2;
				TARGETED_DEVICE_FAMILY = "1,2";
			};
			name = Debug;
		};
		FB6F4D80215B88DC00B74C79 /* Release */ = {
			isa = XCBuildConfiguration;
			buildSettings = {
				ASSETCATALOG_COMPILER_APPICON_NAME = AppIcon;
				CODE_SIGN_STYLE = Automatic;
				DEVELOPMENT_TEAM = 6NE5UTCPDZ;
				INFOPLIST_FILE = "coreml-starter/Info.plist";
				LD_RUNPATH_SEARCH_PATHS = (
					"$(inherited)",
					"@executable_path/Frameworks",
				);
				PRODUCT_BUNDLE_IDENTIFIER = "com.coreml-starter";
				PRODUCT_NAME = "$(TARGET_NAME)";
				SWIFT_VERSION = 4.2;
				TARGETED_DEVICE_FAMILY = "1,2";
			};
			name = Release;
		};
		FB6F4D82215B88DC00B74C79 /* Debug */ = {
			isa = XCBuildConfiguration;
			buildSettings = {
				ALWAYS_EMBED_SWIFT_STANDARD_LIBRARIES = YES;
				BUNDLE_LOADER = "$(TEST_HOST)";
				CODE_SIGN_STYLE = Automatic;
				DEVELOPMENT_TEAM = 6NE5UTCPDZ;
				INFOPLIST_FILE = "coreml-starterTests/Info.plist";
				LD_RUNPATH_SEARCH_PATHS = (
					"$(inherited)",
					"@executable_path/Frameworks",
					"@loader_path/Frameworks",
				);
				PRODUCT_BUNDLE_IDENTIFIER = "com.coreml-starterTests";
				PRODUCT_NAME = "$(TARGET_NAME)";
				SWIFT_VERSION = 4.2;
				TARGETED_DEVICE_FAMILY = "1,2";
				TEST_HOST = "$(BUILT_PRODUCTS_DIR)/coreml-starter.app/coreml-starter";
			};
			name = Debug;
		};
		FB6F4D83215B88DC00B74C79 /* Release */ = {
			isa = XCBuildConfiguration;
			buildSettings = {
				ALWAYS_EMBED_SWIFT_STANDARD_LIBRARIES = YES;
				BUNDLE_LOADER = "$(TEST_HOST)";
				CODE_SIGN_STYLE = Automatic;
				DEVELOPMENT_TEAM = 6NE5UTCPDZ;
				INFOPLIST_FILE = "coreml-starterTests/Info.plist";
				LD_RUNPATH_SEARCH_PATHS = (
					"$(inherited)",
					"@executable_path/Frameworks",
					"@loader_path/Frameworks",
				);
				PRODUCT_BUNDLE_IDENTIFIER = "com.coreml-starterTests";
				PRODUCT_NAME = "$(TARGET_NAME)";
				SWIFT_VERSION = 4.2;
				TARGETED_DEVICE_FAMILY = "1,2";
				TEST_HOST = "$(BUILT_PRODUCTS_DIR)/coreml-starter.app/coreml-starter";
			};
			name = Release;
		};
		FB6F4D85215B88DC00B74C79 /* Debug */ = {
			isa = XCBuildConfiguration;
			buildSettings = {
				ALWAYS_EMBED_SWIFT_STANDARD_LIBRARIES = YES;
				CODE_SIGN_STYLE = Automatic;
				DEVELOPMENT_TEAM = 6NE5UTCPDZ;
				INFOPLIST_FILE = "coreml-starterUITests/Info.plist";
				LD_RUNPATH_SEARCH_PATHS = (
					"$(inherited)",
					"@executable_path/Frameworks",
					"@loader_path/Frameworks",
				);
				PRODUCT_BUNDLE_IDENTIFIER = "com.coreml-starterUITests";
				PRODUCT_NAME = "$(TARGET_NAME)";
				SWIFT_VERSION = 4.2;
				TARGETED_DEVICE_FAMILY = "1,2";
				TEST_TARGET_NAME = "coreml-starter";
			};
			name = Debug;
		};
		FB6F4D86215B88DC00B74C79 /* Release */ = {
			isa = XCBuildConfiguration;
			buildSettings = {
				ALWAYS_EMBED_SWIFT_STANDARD_LIBRARIES = YES;
				CODE_SIGN_STYLE = Automatic;
				DEVELOPMENT_TEAM = 6NE5UTCPDZ;
				INFOPLIST_FILE = "coreml-starterUITests/Info.plist";
				LD_RUNPATH_SEARCH_PATHS = (
					"$(inherited)",
					"@executable_path/Frameworks",
					"@loader_path/Frameworks",
				);
				PRODUCT_BUNDLE_IDENTIFIER = "com.coreml-starterUITests";
				PRODUCT_NAME = "$(TARGET_NAME)";
				SWIFT_VERSION = 4.2;
				TARGETED_DEVICE_FAMILY = "1,2";
				TEST_TARGET_NAME = "coreml-starter";
			};
			name = Release;
		};
/* End XCBuildConfiguration section */

/* Begin XCConfigurationList section */
		FB6F4D51215B88DB00B74C79 /* Build configuration list for PBXProject "coreml-starter" */ = {
			isa = XCConfigurationList;
			buildConfigurations = (
				FB6F4D7C215B88DC00B74C79 /* Debug */,
				FB6F4D7D215B88DC00B74C79 /* Release */,
			);
			defaultConfigurationIsVisible = 0;
			defaultConfigurationName = Release;
		};
		FB6F4D7E215B88DC00B74C79 /* Build configuration list for PBXNativeTarget "coreml-starter" */ = {
			isa = XCConfigurationList;
			buildConfigurations = (
				FB6F4D7F215B88DC00B74C79 /* Debug */,
				FB6F4D80215B88DC00B74C79 /* Release */,
			);
			defaultConfigurationIsVisible = 0;
			defaultConfigurationName = Release;
		};
		FB6F4D81215B88DC00B74C79 /* Build configuration list for PBXNativeTarget "coreml-starterTests" */ = {
			isa = XCConfigurationList;
			buildConfigurations = (
				FB6F4D82215B88DC00B74C79 /* Debug */,
				FB6F4D83215B88DC00B74C79 /* Release */,
			);
			defaultConfigurationIsVisible = 0;
			defaultConfigurationName = Release;
		};
		FB6F4D84215B88DC00B74C79 /* Build configuration list for PBXNativeTarget "coreml-starterUITests" */ = {
			isa = XCConfigurationList;
			buildConfigurations = (
				FB6F4D85215B88DC00B74C79 /* Debug */,
				FB6F4D86215B88DC00B74C79 /* Release */,
			);
			defaultConfigurationIsVisible = 0;
			defaultConfigurationName = Release;
		};
/* End XCConfigurationList section */
	};
	rootObject = FB6F4D4E215B88DB00B74C79 /* Project object */;
}
